
Microsoft Visual Studio Solution File, Format Version 12.00
# Visual Studio 15
VisualStudioVersion = 15.0.26403.7
MinimumVisualStudioVersion = 10.0.40219.1
Project("{2150E333-8FDC-42A3-9474-1A3956D46DE8}") = "src", "src", "{C57889D2-F3DB-48E7-B605-A262AB11508A}"
EndProject
Project("{2150E333-8FDC-42A3-9474-1A3956D46DE8}") = "Solution Items", "Solution Items", "{30187E5F-FAEF-4107-9383-275B55B7EC5D}"
EndProject
Project("{9A19103F-16F7-4668-BE54-9A1E7A4F7556}") = "LuckyCode.WebSite", "src\LuckyCode.WebSite\LuckyCode.WebSite.csproj", "{C38C02B1-A744-4B51-975E-2F578A29F067}"
EndProject
Project("{9A19103F-16F7-4668-BE54-9A1E7A4F7556}") = "LuckyCode.Entity", "src\LuckyCode.Entity\LuckyCode.Entity.csproj", "{BCF7C79E-7C46-42BC-93A1-54005695AC11}"
EndProject
Project("{9A19103F-16F7-4668-BE54-9A1E7A4F7556}") = "LuckyCode.Core", "src\LuckyCode.Core\LuckyCode.Core.csproj", "{D22A6592-AED8-4C20-B69E-020C5F3F03FA}"
EndProject
Project("{9A19103F-16F7-4668-BE54-9A1E7A4F7556}") = "LuckyCode.Data", "src\LuckyCode.Data\LuckyCode.Data.csproj", "{54A5875C-FC3C-4BAE-BA3E-733FE5C5727F}"
EndProject
Project("{9A19103F-16F7-4668-BE54-9A1E7A4F7556}") = "LuckyCode.IService", "src\LuckyCode.IService\LuckyCode.IService.csproj", "{D62625ED-6521-451C-B648-5457180A9823}"
EndProject
Project("{9A19103F-16F7-4668-BE54-9A1E7A4F7556}") = "LuckyCode.Service", "src\LuckyCode.Service\LuckyCode.Service.csproj", "{E2AED620-69B3-42A2-9BA8-B68A60089685}"
EndProject
Project("{9A19103F-16F7-4668-BE54-9A1E7A4F7556}") = "LuckyCode.ViewModels", "src\LuckyCode.ViewModels\LuckyCode.ViewModels.csproj", "{CBDFB347-B848-479D-A4C1-7B886F04D548}"
EndProject
Project("{9A19103F-16F7-4668-BE54-9A1E7A4F7556}") = "LuckyCode.WebFrameWork", "src\LuckyCode.WebFrameWork\LuckyCode.WebFrameWork.csproj", "{D604A2B6-50C4-45B8-88AE-4611FD89B58A}"
EndProject
Project("{9A19103F-16F7-4668-BE54-9A1E7A4F7556}") = "LuckyCode.Test", "src\LuckyCode.Test\LuckyCode.Test.csproj", "{FDFB0C53-56B7-4F60-B850-DCA7B5BF129B}"
EndProject
Global
	GlobalSection(SolutionConfigurationPlatforms) = preSolution
		Debug|Any CPU = Debug|Any CPU
		Release|Any CPU = Release|Any CPU
	EndGlobalSection
	GlobalSection(ProjectConfigurationPlatforms) = postSolution
		{C38C02B1-A744-4B51-975E-2F578A29F067}.Debug|Any CPU.ActiveCfg = Debug|Any CPU
		{C38C02B1-A744-4B51-975E-2F578A29F067}.Debug|Any CPU.Build.0 = Debug|Any CPU
		{C38C02B1-A744-4B51-975E-2F578A29F067}.Release|Any CPU.ActiveCfg = Release|Any CPU
		{C38C02B1-A744-4B51-975E-2F578A29F067}.Release|Any CPU.Build.0 = Release|Any CPU
		{BCF7C79E-7C46-42BC-93A1-54005695AC11}.Debug|Any CPU.ActiveCfg = Debug|Any CPU
		{BCF7C79E-7C46-42BC-93A1-54005695AC11}.Debug|Any CPU.Build.0 = Debug|Any CPU
		{BCF7C79E-7C46-42BC-93A1-54005695AC11}.Release|Any CPU.ActiveCfg = Release|Any CPU
		{BCF7C79E-7C46-42BC-93A1-54005695AC11}.Release|Any CPU.Build.0 = Release|Any CPU
		{D22A6592-AED8-4C20-B69E-020C5F3F03FA}.Debug|Any CPU.ActiveCfg = Debug|Any CPU
		{D22A6592-AED8-4C20-B69E-020C5F3F03FA}.Debug|Any CPU.Build.0 = Debug|Any CPU
		{D22A6592-AED8-4C20-B69E-020C5F3F03FA}.Release|Any CPU.ActiveCfg = Release|Any CPU
		{D22A6592-AED8-4C20-B69E-020C5F3F03FA}.Release|Any CPU.Build.0 = Release|Any CPU
		{54A5875C-FC3C-4BAE-BA3E-733FE5C5727F}.Debug|Any CPU.ActiveCfg = Debug|Any CPU
		{54A5875C-FC3C-4BAE-BA3E-733FE5C5727F}.Debug|Any CPU.Build.0 = Debug|Any CPU
		{54A5875C-FC3C-4BAE-BA3E-733FE5C5727F}.Release|Any CPU.ActiveCfg = Release|Any CPU
		{54A5875C-FC3C-4BAE-BA3E-733FE5C5727F}.Release|Any CPU.Build.0 = Release|Any CPU
		{D62625ED-6521-451C-B648-5457180A9823}.Debug|Any CPU.ActiveCfg = Debug|Any CPU
		{D62625ED-6521-451C-B648-5457180A9823}.Debug|Any CPU.Build.0 = Debug|Any CPU
		{D62625ED-6521-451C-B648-5457180A9823}.Release|Any CPU.ActiveCfg = Release|Any CPU
		{D62625ED-6521-451C-B648-5457180A9823}.Release|Any CPU.Build.0 = Release|Any CPU
		{E2AED620-69B3-42A2-9BA8-B68A60089685}.Debug|Any CPU.ActiveCfg = Debug|Any CPU
		{E2AED620-69B3-42A2-9BA8-B68A60089685}.Debug|Any CPU.Build.0 = Debug|Any CPU
		{E2AED620-69B3-42A2-9BA8-B68A60089685}.Release|Any CPU.ActiveCfg = Release|Any CPU
		{E2AED620-69B3-42A2-9BA8-B68A60089685}.Release|Any CPU.Build.0 = Release|Any CPU
		{CBDFB347-B848-479D-A4C1-7B886F04D548}.Debug|Any CPU.ActiveCfg = Debug|Any CPU
		{CBDFB347-B848-479D-A4C1-7B886F04D548}.Debug|Any CPU.Build.0 = Debug|Any CPU
		{CBDFB347-B848-479D-A4C1-7B886F04D548}.Release|Any CPU.ActiveCfg = Release|Any CPU
		{CBDFB347-B848-479D-A4C1-7B886F04D548}.Release|Any CPU.Build.0 = Release|Any CPU
		{D604A2B6-50C4-45B8-88AE-4611FD89B58A}.Debug|Any CPU.ActiveCfg = Debug|Any CPU
		{D604A2B6-50C4-45B8-88AE-4611FD89B58A}.Debug|Any CPU.Build.0 = Debug|Any CPU
		{D604A2B6-50C4-45B8-88AE-4611FD89B58A}.Release|Any CPU.ActiveCfg = Release|Any CPU
		{D604A2B6-50C4-45B8-88AE-4611FD89B58A}.Release|Any CPU.Build.0 = Release|Any CPU
		{FDFB0C53-56B7-4F60-B850-DCA7B5BF129B}.Debug|Any CPU.ActiveCfg = Debug|Any CPU
		{FDFB0C53-56B7-4F60-B850-DCA7B5BF129B}.Debug|Any CPU.Build.0 = Debug|Any CPU
		{FDFB0C53-56B7-4F60-B850-DCA7B5BF129B}.Release|Any CPU.ActiveCfg = Release|Any CPU
		{FDFB0C53-56B7-4F60-B850-DCA7B5BF129B}.Release|Any CPU.Build.0 = Release|Any CPU
	EndGlobalSection
	GlobalSection(SolutionProperties) = preSolution
		HideSolutionNode = FALSE
	EndGlobalSection
	GlobalSection(NestedProjects) = preSolution
		{C38C02B1-A744-4B51-975E-2F578A29F067} = {C57889D2-F3DB-48E7-B605-A262AB11508A}
		{BCF7C79E-7C46-42BC-93A1-54005695AC11} = {C57889D2-F3DB-48E7-B605-A262AB11508A}
		{D22A6592-AED8-4C20-B69E-020C5F3F03FA} = {C57889D2-F3DB-48E7-B605-A262AB11508A}
		{54A5875C-FC3C-4BAE-BA3E-733FE5C5727F} = {C57889D2-F3DB-48E7-B605-A262AB11508A}
		{D62625ED-6521-451C-B648-5457180A9823} = {C57889D2-F3DB-48E7-B605-A262AB11508A}
		{E2AED620-69B3-42A2-9BA8-B68A60089685} = {C57889D2-F3DB-48E7-B605-A262AB11508A}
		{CBDFB347-B848-479D-A4C1-7B886F04D548} = {C57889D2-F3DB-48E7-B605-A262AB11508A}
		{D604A2B6-50C4-45B8-88AE-4611FD89B58A} = {C57889D2-F3DB-48E7-B605-A262AB11508A}
		{FDFB0C53-56B7-4F60-B850-DCA7B5BF129B} = {C57889D2-F3DB-48E7-B605-A262AB11508A}
	EndGlobalSection
EndGlobal
